
Microsoft Visual Studio Solution File, Format Version 12.00
# Visual Studio Version 17
VisualStudioVersion = 17.7.34003.232
MinimumVisualStudioVersion = 10.0.40219.1
Project("{FAE04EC0-301F-11D3-BF4B-00C04F79EFBC}") = "EjerciciosP3", "EjerciciosP3\EjerciciosP3.csproj", "{A7885637-456F-4328-8FD1-6E7E939C1023}"
EndProject
Global
	GlobalSection(SolutionConfigurationPlatforms) = preSolution
		Debug|Any CPU = Debug|Any CPU
		Release|Any CPU = Release|Any CPU
	EndGlobalSection
	GlobalSection(ProjectConfigurationPlatforms) = postSolution
		{A7885637-456F-4328-8FD1-6E7E939C1023}.Debug|Any CPU.ActiveCfg = Debug|Any CPU
		{A7885637-456F-4328-8FD1-6E7E939C1023}.Debug|Any CPU.Build.0 = Debug|Any CPU
		{A7885637-456F-4328-8FD1-6E7E939C1023}.Release|Any CPU.ActiveCfg = Release|Any CPU
		{A7885637-456F-4328-8FD1-6E7E939C1023}.Release|Any CPU.Build.0 = Release|Any CPU
	EndGlobalSection
	GlobalSection(SolutionProperties) = preSolution
		HideSolutionNode = FALSE
	EndGlobalSection
	GlobalSection(ExtensibilityGlobals) = postSolution
		SolutionGuid = {A9E71AC6-A200-47C4-8066-5F41A86880D2}
	EndGlobalSection
EndGlobal
